
Microsoft Visual Studio Solution File, Format Version 12.00
# Visual Studio 15
VisualStudioVersion = 15.0.27703.2042
MinimumVisualStudioVersion = 10.0.40219.1
Project("{FAE04EC0-301F-11D3-BF4B-00C04F79EFBC}") = "ConsoleChess", "ChessConsole\ConsoleChess.csproj", "{169CEDE8-9EAF-40B9-9AE0-7EACDCF0AB8B}"
EndProject
Global
	GlobalSection(SolutionConfigurationPlatforms) = preSolution
		Debug|Any CPU = Debug|Any CPU
		Release|Any CPU = Release|Any CPU
	EndGlobalSection
	GlobalSection(ProjectConfigurationPlatforms) = postSolution
		{169CEDE8-9EAF-40B9-9AE0-7EACDCF0AB8B}.Debug|Any CPU.ActiveCfg = Debug|Any CPU
		{169CEDE8-9EAF-40B9-9AE0-7EACDCF0AB8B}.Debug|Any CPU.Build.0 = Debug|Any CPU
		{169CEDE8-9EAF-40B9-9AE0-7EACDCF0AB8B}.Release|Any CPU.ActiveCfg = Release|Any CPU
		{169CEDE8-9EAF-40B9-9AE0-7EACDCF0AB8B}.Release|Any CPU.Build.0 = Release|Any CPU
	EndGlobalSection
	GlobalSection(SolutionProperties) = preSolution
		HideSolutionNode = FALSE
	EndGlobalSection
	GlobalSection(ExtensibilityGlobals) = postSolution
		SolutionGuid = {A1C15C3B-A331-4C84-9848-AE3EC2094D38}
	EndGlobalSection
EndGlobal
